
Microsoft Visual Studio Solution File, Format Version 12.00
# Visual Studio 15
VisualStudioVersion = 15.0.28010.2036
MinimumVisualStudioVersion = 10.0.40219.1
Project("{FAE04EC0-301F-11D3-BF4B-00C04F79EFBC}") = "LPD-Compiler", "LPD-Compiler\LPD-Compiler.csproj", "{7A23D1FA-4044-4103-B2B8-78B28BA87E7D}"
EndProject
Global
	GlobalSection(SolutionConfigurationPlatforms) = preSolution
		Debug|Any CPU = Debug|Any CPU
		Release|Any CPU = Release|Any CPU
	EndGlobalSection
	GlobalSection(ProjectConfigurationPlatforms) = postSolution
		{7A23D1FA-4044-4103-B2B8-78B28BA87E7D}.Debug|Any CPU.ActiveCfg = Debug|Any CPU
		{7A23D1FA-4044-4103-B2B8-78B28BA87E7D}.Debug|Any CPU.Build.0 = Debug|Any CPU
		{7A23D1FA-4044-4103-B2B8-78B28BA87E7D}.Release|Any CPU.ActiveCfg = Release|Any CPU
		{7A23D1FA-4044-4103-B2B8-78B28BA87E7D}.Release|Any CPU.Build.0 = Release|Any CPU
	EndGlobalSection
	GlobalSection(SolutionProperties) = preSolution
		HideSolutionNode = FALSE
	EndGlobalSection
	GlobalSection(ExtensibilityGlobals) = postSolution
		SolutionGuid = {9500C7AC-AB65-4207-A509-7D9AC7FB7AC6}
	EndGlobalSection
EndGlobal
